Microsoft Visual Studio Solution File, Format Version 12.00
# Visual Studio Version 17
VisualStudioVersion = 17.5.2.0
MinimumVisualStudioVersion = 10.0.40219.1
Project("{FAE04EC0-301F-11D3-BF4B-00C04F79EFBC}") = "02-FiltersAndValidation", "02-FiltersAndValidation.csproj", "{7E548E2A-7008-330D-618C-64F0FA359383}"
EndProject
Global
	GlobalSection(SolutionConfigurationPlatforms) = preSolution
		Debug|Any CPU = Debug|Any CPU
		Release|Any CPU = Release|Any CPU
	EndGlobalSection
	GlobalSection(ProjectConfigurationPlatforms) = postSolution
		{7E548E2A-7008-330D-618C-64F0FA359383}.Debug|Any CPU.ActiveCfg = Debug|Any CPU
		{7E548E2A-7008-330D-618C-64F0FA359383}.Debug|Any CPU.Build.0 = Debug|Any CPU
		{7E548E2A-7008-330D-618C-64F0FA359383}.Release|Any CPU.ActiveCfg = Release|Any CPU
		{7E548E2A-7008-330D-618C-64F0FA359383}.Release|Any CPU.Build.0 = Release|Any CPU
	EndGlobalSection
	GlobalSection(SolutionProperties) = preSolution
		HideSolutionNode = FALSE
	EndGlobalSection
	GlobalSection(ExtensibilityGlobals) = postSolution
		SolutionGuid = {BBE7BF05-F3B0-46CE-9FC5-96AA82FCD07F}
	EndGlobalSection
EndGlobal
