Microsoft Visual Studio Solution File, Format Version 12.00
# Visual Studio Version 17
VisualStudioVersion = 17.5.2.0
MinimumVisualStudioVersion = 10.0.40219.1
Project("{FAE04EC0-301F-11D3-BF4B-00C04F79EFBC}") = "03-DocumentingApis", "03-DocumentingApis.csproj", "{D8CCCCF3-8AA5-D9B1-2C85-C3D3E7A219EA}"
EndProject
Global
	GlobalSection(SolutionConfigurationPlatforms) = preSolution
		Debug|Any CPU = Debug|Any CPU
		Release|Any CPU = Release|Any CPU
	EndGlobalSection
	GlobalSection(ProjectConfigurationPlatforms) = postSolution
		{D8CCCCF3-8AA5-D9B1-2C85-C3D3E7A219EA}.Debug|Any CPU.ActiveCfg = Debug|Any CPU
		{D8CCCCF3-8AA5-D9B1-2C85-C3D3E7A219EA}.Debug|Any CPU.Build.0 = Debug|Any CPU
		{D8CCCCF3-8AA5-D9B1-2C85-C3D3E7A219EA}.Release|Any CPU.ActiveCfg = Release|Any CPU
		{D8CCCCF3-8AA5-D9B1-2C85-C3D3E7A219EA}.Release|Any CPU.Build.0 = Release|Any CPU
	EndGlobalSection
	GlobalSection(SolutionProperties) = preSolution
		HideSolutionNode = FALSE
	EndGlobalSection
	GlobalSection(ExtensibilityGlobals) = postSolution
		SolutionGuid = {B53A1277-3D1F-4034-A975-43A888C115A3}
	EndGlobalSection
EndGlobal
