Microsoft Visual Studio Solution File, Format Version 12.00
# Visual Studio Version 17
VisualStudioVersion = 17.5.2.0
MinimumVisualStudioVersion = 10.0.40219.1
Project("{FAE04EC0-301F-11D3-BF4B-00C04F79EFBC}") = "02-Generics-Constraints", "02-Generics-Constraints.csproj", "{3E21D34C-EE4C-185E-3898-3DE147463725}"
EndProject
Global
	GlobalSection(SolutionConfigurationPlatforms) = preSolution
		Debug|Any CPU = Debug|Any CPU
		Release|Any CPU = Release|Any CPU
	EndGlobalSection
	GlobalSection(ProjectConfigurationPlatforms) = postSolution
		{3E21D34C-EE4C-185E-3898-3DE147463725}.Debug|Any CPU.ActiveCfg = Debug|Any CPU
		{3E21D34C-EE4C-185E-3898-3DE147463725}.Debug|Any CPU.Build.0 = Debug|Any CPU
		{3E21D34C-EE4C-185E-3898-3DE147463725}.Release|Any CPU.ActiveCfg = Release|Any CPU
		{3E21D34C-EE4C-185E-3898-3DE147463725}.Release|Any CPU.Build.0 = Release|Any CPU
	EndGlobalSection
	GlobalSection(SolutionProperties) = preSolution
		HideSolutionNode = FALSE
	EndGlobalSection
	GlobalSection(ExtensibilityGlobals) = postSolution
		SolutionGuid = {C032831A-ADC7-4767-A0D7-97808F113203}
	EndGlobalSection
EndGlobal
